// !$*UTF8*$!
{
	archiveVersion = 1;
	classes = {
	};
	objectVersion = 50;
	objects = {

/* Begin PBXBuildFile section */
		0186A1C4214F95F300F0BD76 /* KSDSecondController.m in Sources */ = {isa = PBXBuildFile; fileRef = 0186A1C3214F95F300F0BD76 /* KSDSecondController.m */; };
		01B65748216D9AC6000992CC /* KSDSecondController.m in Sources */ = {isa = PBXBuildFile; fileRef = 0186A1C3214F95F300F0BD76 /* KSDSecondController.m */; };
		01B65749216D9AC6000992CC /* KSDSecondController.m in Sources */ = {isa = PBXBuildFile; fileRef = 0186A1C3214F95F300F0BD76 /* KSDSecondController.m */; };
		01B6574C216DD7DB000992CC /* KSDBuglyManager.m in Sources */ = {isa = PBXBuildFile; fileRef = 01B6574B216DD7DB000992CC /* KSDBuglyManager.m */; };
		01B6574D216DD7DB000992CC /* KSDBuglyManager.m in Sources */ = {isa = PBXBuildFile; fileRef = 01B6574B216DD7DB000992CC /* KSDBuglyManager.m */; };
		01B6574E216DD7DB000992CC /* KSDBuglyManager.m in Sources */ = {isa = PBXBuildFile; fileRef = 01B6574B216DD7DB000992CC /* KSDBuglyManager.m */; };
		01EE954E214B950200BB1706 /* KSDMySelfController.m in Sources */ = {isa = PBXBuildFile; fileRef = 01EE952A214B950200BB1706 /* KSDMySelfController.m */; };
		01EE954F214B950200BB1706 /* KSDMainController.m in Sources */ = {isa = PBXBuildFile; fileRef = 01EE952E214B950200BB1706 /* KSDMainController.m */; };
		01EE9550214B950200BB1706 /* AppDelegate.m in Sources */ = {isa = PBXBuildFile; fileRef = 01EE9532214B950200BB1706 /* AppDelegate.m */; };
		01EE9551214B950200BB1706 /* KSDNavigationController.m in Sources */ = {isa = PBXBuildFile; fileRef = 01EE9535214B950200BB1706 /* KSDNavigationController.m */; };
		01EE9552214B950200BB1706 /* KSDTabBarController.m in Sources */ = {isa = PBXBuildFile; fileRef = 01EE9536214B950200BB1706 /* KSDTabBarController.m */; };
		01EE9553214B950200BB1706 /* KSDBaseController.m in Sources */ = {isa = PBXBuildFile; fileRef = 01EE9537214B950200BB1706 /* KSDBaseController.m */; };
		01EE9555214B950200BB1706 /* Assets.xcassets in Resources */ = {isa = PBXBuildFile; fileRef = 01EE9545214B950200BB1706 /* Assets.xcassets */; };
		01EE9556214B950200BB1706 /* LaunchScreen.storyboard in Resources */ = {isa = PBXBuildFile; fileRef = 01EE9546214B950200BB1706 /* LaunchScreen.storyboard */; };
		01EE9557214B950200BB1706 /* main.m in Sources */ = {isa = PBXBuildFile; fileRef = 01EE9549214B950200BB1706 /* main.m */; };
		01EE9559214B950200BB1706 /* KSDHTTPRequest.m in Sources */ = {isa = PBXBuildFile; fileRef = 01EE954C214B950200BB1706 /* KSDHTTPRequest.m */; };
		01EE9598214B998000BB1706 /* KSDMySelfController.m in Sources */ = {isa = PBXBuildFile; fileRef = 01EE952A214B950200BB1706 /* KSDMySelfController.m */; };
		01EE9599214B998000BB1706 /* KSDMainController.m in Sources */ = {isa = PBXBuildFile; fileRef = 01EE952E214B950200BB1706 /* KSDMainController.m */; };
		01EE959A214B998000BB1706 /* KSDNavigationController.m in Sources */ = {isa = PBXBuildFile; fileRef = 01EE9535214B950200BB1706 /* KSDNavigationController.m */; };
		01EE959B214B998000BB1706 /* KSDBaseController.m in Sources */ = {isa = PBXBuildFile; fileRef = 01EE9537214B950200BB1706 /* KSDBaseController.m */; };
		01EE959C214B998000BB1706 /* AppDelegate.m in Sources */ = {isa = PBXBuildFile; fileRef = 01EE9532214B950200BB1706 /* AppDelegate.m */; };
		01EE959D214B998000BB1706 /* main.m in Sources */ = {isa = PBXBuildFile; fileRef = 01EE9549214B950200BB1706 /* main.m */; };
		01EE959E214B998000BB1706 /* KSDHTTPRequest.m in Sources */ = {isa = PBXBuildFile; fileRef = 01EE954C214B950200BB1706 /* KSDHTTPRequest.m */; };
		01EE959F214B998000BB1706 /* KSDTabBarController.m in Sources */ = {isa = PBXBuildFile; fileRef = 01EE9536214B950200BB1706 /* KSDTabBarController.m */; };
		01EE95A2214B998000BB1706 /* LaunchScreen.storyboard in Resources */ = {isa = PBXBuildFile; fileRef = 01EE9546214B950200BB1706 /* LaunchScreen.storyboard */; };
		01EE95A3214B998000BB1706 /* Assets.xcassets in Resources */ = {isa = PBXBuildFile; fileRef = 01EE9545214B950200BB1706 /* Assets.xcassets */; };
		01EE95AB214B999700BB1706 /* KSDMySelfController.m in Sources */ = {isa = PBXBuildFile; fileRef = 01EE952A214B950200BB1706 /* KSDMySelfController.m */; };
		01EE95AC214B999700BB1706 /* KSDMainController.m in Sources */ = {isa = PBXBuildFile; fileRef = 01EE952E214B950200BB1706 /* KSDMainController.m */; };
		01EE95AD214B999700BB1706 /* KSDNavigationController.m in Sources */ = {isa = PBXBuildFile; fileRef = 01EE9535214B950200BB1706 /* KSDNavigationController.m */; };
		01EE95AE214B999700BB1706 /* KSDBaseController.m in Sources */ = {isa = PBXBuildFile; fileRef = 01EE9537214B950200BB1706 /* KSDBaseController.m */; };
		01EE95AF214B999700BB1706 /* AppDelegate.m in Sources */ = {isa = PBXBuildFile; fileRef = 01EE9532214B950200BB1706 /* AppDelegate.m */; };
		01EE95B0214B999700BB1706 /* main.m in Sources */ = {isa = PBXBuildFile; fileRef = 01EE9549214B950200BB1706 /* main.m */; };
		01EE95B1214B999700BB1706 /* KSDHTTPRequest.m in Sources */ = {isa = PBXBuildFile; fileRef = 01EE954C214B950200BB1706 /* KSDHTTPRequest.m */; };
		01EE95B2214B999700BB1706 /* KSDTabBarController.m in Sources */ = {isa = PBXBuildFile; fileRef = 01EE9536214B950200BB1706 /* KSDTabBarController.m */; };
		01EE95B5214B999700BB1706 /* LaunchScreen.storyboard in Resources */ = {isa = PBXBuildFile; fileRef = 01EE9546214B950200BB1706 /* LaunchScreen.storyboard */; };
		01EE95B6214B999700BB1706 /* Assets.xcassets in Resources */ = {isa = PBXBuildFile; fileRef = 01EE9545214B950200BB1706 /* Assets.xcassets */; };
		01EE95BE214B9E6300BB1706 /* AppDelegate+AppService.m in Sources */ = {isa = PBXBuildFile; fileRef = 01EE95BD214B9E6300BB1706 /* AppDelegate+AppService.m */; };
		01EE95BF214B9E6300BB1706 /* AppDelegate+AppService.m in Sources */ = {isa = PBXBuildFile; fileRef = 01EE95BD214B9E6300BB1706 /* AppDelegate+AppService.m */; };
		01EE95C0214B9E6300BB1706 /* AppDelegate+AppService.m in Sources */ = {isa = PBXBuildFile; fileRef = 01EE95BD214B9E6300BB1706 /* AppDelegate+AppService.m */; };
		01EE95C3214B9EB600BB1706 /* AppDelegate+ViewController.m in Sources */ = {isa = PBXBuildFile; fileRef = 01EE95C2214B9EB600BB1706 /* AppDelegate+ViewController.m */; };
		01EE95C4214B9EB600BB1706 /* AppDelegate+ViewController.m in Sources */ = {isa = PBXBuildFile; fileRef = 01EE95C2214B9EB600BB1706 /* AppDelegate+ViewController.m */; };
		01EE95C5214B9EB600BB1706 /* AppDelegate+ViewController.m in Sources */ = {isa = PBXBuildFile; fileRef = 01EE95C2214B9EB600BB1706 /* AppDelegate+ViewController.m */; };
		01EE95C7214BA97F00BB1706 /* Info-Tes.plist in Resources */ = {isa = PBXBuildFile; fileRef = 01EE95C6214BA97F00BB1706 /* Info-Tes.plist */; };
		01EE95C8214BA97F00BB1706 /* Info-Tes.plist in Resources */ = {isa = PBXBuildFile; fileRef = 01EE95C6214BA97F00BB1706 /* Info-Tes.plist */; };
		01EE95C9214BA97F00BB1706 /* Info-Tes.plist in Resources */ = {isa = PBXBuildFile; fileRef = 01EE95C6214BA97F00BB1706 /* Info-Tes.plist */; };
		01EE95CE214F758F00BB1706 /* KSDLoginController.m in Sources */ = {isa = PBXBuildFile; fileRef = 01EE95CC214F758F00BB1706 /* KSDLoginController.m */; };
		01EE95CF214F758F00BB1706 /* KSDLoginController.m in Sources */ = {isa = PBXBuildFile; fileRef = 01EE95CC214F758F00BB1706 /* KSDLoginController.m */; };
		01EE95D0214F759000BB1706 /* KSDLoginController.m in Sources */ = {isa = PBXBuildFile; fileRef = 01EE95CC214F758F00BB1706 /* KSDLoginController.m */; };
		01EE95D1214F759000BB1706 /* KSDLoginController.xib in Resources */ = {isa = PBXBuildFile; fileRef = 01EE95CD214F758F00BB1706 /* KSDLoginController.xib */; };
		01EE95D2214F759000BB1706 /* KSDLoginController.xib in Resources */ = {isa = PBXBuildFile; fileRef = 01EE95CD214F758F00BB1706 /* KSDLoginController.xib */; };
		01EE95D3214F759000BB1706 /* KSDLoginController.xib in Resources */ = {isa = PBXBuildFile; fileRef = 01EE95CD214F758F00BB1706 /* KSDLoginController.xib */; };
		2B5B11761A17231FC08F83C6 /* libPods-基础项目.a in Frameworks */ = {isa = PBXBuildFile; fileRef = E7591F79CE8B7390119006F8 /* libPods-基础项目.a */; };
		6FCD9CA6B532F57A6775942A /* libPods-基础项目Test.a in Frameworks */ = {isa = PBXBuildFile; fileRef = 55DE7F86218F879574673380 /* libPods-基础项目Test.a */; };
		AF1AE310B5248A3AFCC58792 /* libPods-基础项目Dev.a in Frameworks */ = {isa = PBXBuildFile; fileRef = D7E9B623CB52F65356A129CB /* libPods-基础项目Dev.a */; };
/* End PBXBuildFile section */

/* Begin PBXFileReference section */
		0186A1C2214F95F300F0BD76 /* KSDSecondController.h */ = {isa = PBXFileReference; lastKnownFileType = sourcecode.c.h; path = KSDSecondController.h; sourceTree = "<group>"; };
		0186A1C3214F95F300F0BD76 /* KSDSecondController.m */ = {isa = PBXFileReference; lastKnownFileType = sourcecode.c.objc; path = KSDSecondController.m; sourceTree = "<group>"; };
		01B6574A216DD7DB000992CC /* KSDBuglyManager.h */ = {isa = PBXFileReference; lastKnownFileType = sourcecode.c.h; path = KSDBuglyManager.h; sourceTree = "<group>"; };
		01B6574B216DD7DB000992CC /* KSDBuglyManager.m */ = {isa = PBXFileReference; lastKnownFileType = sourcecode.c.objc; path = KSDBuglyManager.m; sourceTree = "<group>"; };
		01EE950F214B91B900BB1706 /* 基础项目Dev.app */ = {isa = PBXFileReference; explicitFileType = wrapper.application; includeInIndex = 0; path = "基础项目Dev.app"; sourceTree = BUILT_PRODUCTS_DIR; };
		01EE952A214B950200BB1706 /* KSDMySelfController.m */ = {isa = PBXFileReference; fileEncoding = 4; lastKnownFileType = sourcecode.c.objc; path = KSDMySelfController.m; sourceTree = "<group>"; };
		01EE952B214B950200BB1706 /* KSDMySelfController.h */ = {isa = PBXFileReference; fileEncoding = 4; lastKnownFileType = sourcecode.c.h; path = KSDMySelfController.h; sourceTree = "<group>"; };
		01EE952D214B950200BB1706 /* KSDMainController.h */ = {isa = PBXFileReference; fileEncoding = 4; lastKnownFileType = sourcecode.c.h; path = KSDMainController.h; sourceTree = "<group>"; };
		01EE952E214B950200BB1706 /* KSDMainController.m */ = {isa = PBXFileReference; fileEncoding = 4; lastKnownFileType = sourcecode.c.objc; path = KSDMainController.m; sourceTree = "<group>"; };
		01EE9531214B950200BB1706 /* AppDelegate.h */ = {isa = PBXFileReference; fileEncoding = 4; lastKnownFileType = sourcecode.c.h; path = AppDelegate.h; sourceTree = "<group>"; };
		01EE9532214B950200BB1706 /* AppDelegate.m */ = {isa = PBXFileReference; fileEncoding = 4; lastKnownFileType = sourcecode.c.objc; path = AppDelegate.m; sourceTree = "<group>"; };
		01EE9534214B950200BB1706 /* KSDBaseController.h */ = {isa = PBXFileReference; fileEncoding = 4; lastKnownFileType = sourcecode.c.h; path = KSDBaseController.h; sourceTree = "<group>"; };
		01EE9535214B950200BB1706 /* KSDNavigationController.m */ = {isa = PBXFileReference; fileEncoding = 4; lastKnownFileType = sourcecode.c.objc; path = KSDNavigationController.m; sourceTree = "<group>"; };
		01EE9536214B950200BB1706 /* KSDTabBarController.m */ = {isa = PBXFileReference; fileEncoding = 4; lastKnownFileType = sourcecode.c.objc; path = KSDTabBarController.m; sourceTree = "<group>"; };
		01EE9537214B950200BB1706 /* KSDBaseController.m */ = {isa = PBXFileReference; fileEncoding = 4; lastKnownFileType = sourcecode.c.objc; path = KSDBaseController.m; sourceTree = "<group>"; };
		01EE9538214B950200BB1706 /* KSDTabBarController.h */ = {isa = PBXFileReference; fileEncoding = 4; lastKnownFileType = sourcecode.c.h; path = KSDTabBarController.h; sourceTree = "<group>"; };
		01EE9539214B950200BB1706 /* KSDNavigationController.h */ = {isa = PBXFileReference; fileEncoding = 4; lastKnownFileType = sourcecode.c.h; path = KSDNavigationController.h; sourceTree = "<group>"; };
		01EE953C214B950200BB1706 /* KSDRules.h */ = {isa = PBXFileReference; fileEncoding = 4; lastKnownFileType = sourcecode.c.h; path = KSDRules.h; sourceTree = "<group>"; };
		01EE953D214B950200BB1706 /* KSDFont.h */ = {isa = PBXFileReference; fileEncoding = 4; lastKnownFileType = sourcecode.c.h; path = KSDFont.h; sourceTree = "<group>"; };
		01EE953E214B950200BB1706 /* KSDColors.h */ = {isa = PBXFileReference; fileEncoding = 4; lastKnownFileType = sourcecode.c.h; path = KSDColors.h; sourceTree = "<group>"; };
		01EE953F214B950200BB1706 /* KSDApi.h */ = {isa = PBXFileReference; fileEncoding = 4; lastKnownFileType = sourcecode.c.h; path = KSDApi.h; sourceTree = "<group>"; };
		01EE9540214B950200BB1706 /* KSDConfig.h */ = {isa = PBXFileReference; fileEncoding = 4; lastKnownFileType = sourcecode.c.h; path = KSDConfig.h; sourceTree = "<group>"; };
		01EE9541214B950200BB1706 /* KSDThirdPort.h */ = {isa = PBXFileReference; fileEncoding = 4; lastKnownFileType = sourcecode.c.h; path = KSDThirdPort.h; sourceTree = "<group>"; };
		01EE9542214B950200BB1706 /* KSDDelegate.h */ = {isa = PBXFileReference; fileEncoding = 4; lastKnownFileType = sourcecode.c.h; path = KSDDelegate.h; sourceTree = "<group>"; };
		01EE9545214B950200BB1706 /* Assets.xcassets */ = {isa = PBXFileReference; lastKnownFileType = folder.assetcatalog; path = Assets.xcassets; sourceTree = "<group>"; };
		01EE9547214B950200BB1706 /* Base */ = {isa = PBXFileReference; lastKnownFileType = file.storyboard; name = Base; path = Base.lproj/LaunchScreen.storyboard; sourceTree = "<group>"; };
		01EE9548214B950200BB1706 /* KSDPrefix.pch */ = {isa = PBXFileReference; fileEncoding = 4; lastKnownFileType = sourcecode.c.h; path = KSDPrefix.pch; sourceTree = "<group>"; };
		01EE9549214B950200BB1706 /* main.m */ = {isa = PBXFileReference; fileEncoding = 4; lastKnownFileType = sourcecode.c.objc; path = main.m; sourceTree = "<group>"; };
		01EE954A214B950200BB1706 /* Info-Dev.plist */ = {isa = PBXFileReference; fileEncoding = 4; lastKnownFileType = text.plist.xml; path = "Info-Dev.plist"; sourceTree = "<group>"; };
		01EE954C214B950200BB1706 /* KSDHTTPRequest.m */ = {isa = PBXFileReference; fileEncoding = 4; lastKnownFileType = sourcecode.c.objc; path = KSDHTTPRequest.m; sourceTree = "<group>"; };
		01EE954D214B950200BB1706 /* KSDHTTPRequest.h */ = {isa = PBXFileReference; fileEncoding = 4; lastKnownFileType = sourcecode.c.h; path = KSDHTTPRequest.h; sourceTree = "<group>"; };
		01EE955A214B96B600BB1706 /* Info.plist */ = {isa = PBXFileReference; fileEncoding = 4; lastKnownFileType = text.plist.xml; path = Info.plist; sourceTree = "<group>"; };
		01EE95A7214B998000BB1706 /* 基础项目Test.app */ = {isa = PBXFileReference; explicitFileType = wrapper.application; includeInIndex = 0; path = "基础项目Test.app"; sourceTree = BUILT_PRODUCTS_DIR; };
		01EE95BA214B999700BB1706 /* 基础项目.app */ = {isa = PBXFileReference; explicitFileType = wrapper.application; includeInIndex = 0; path = "基础项目.app"; sourceTree = BUILT_PRODUCTS_DIR; };
		01EE95BC214B9E6300BB1706 /* AppDelegate+AppService.h */ = {isa = PBXFileReference; lastKnownFileType = sourcecode.c.h; path = "AppDelegate+AppService.h"; sourceTree = "<group>"; };
		01EE95BD214B9E6300BB1706 /* AppDelegate+AppService.m */ = {isa = PBXFileReference; lastKnownFileType = sourcecode.c.objc; path = "AppDelegate+AppService.m"; sourceTree = "<group>"; };
		01EE95C1214B9EB600BB1706 /* AppDelegate+ViewController.h */ = {isa = PBXFileReference; lastKnownFileType = sourcecode.c.h; path = "AppDelegate+ViewController.h"; sourceTree = "<group>"; };
		01EE95C2214B9EB600BB1706 /* AppDelegate+ViewController.m */ = {isa = PBXFileReference; lastKnownFileType = sourcecode.c.objc; path = "AppDelegate+ViewController.m"; sourceTree = "<group>"; };
		01EE95C6214BA97F00BB1706 /* Info-Tes.plist */ = {isa = PBXFileReference; fileEncoding = 4; lastKnownFileType = text.plist.xml; path = "Info-Tes.plist"; sourceTree = "<group>"; };
		01EE95CB214F758F00BB1706 /* KSDLoginController.h */ = {isa = PBXFileReference; lastKnownFileType = sourcecode.c.h; path = KSDLoginController.h; sourceTree = "<group>"; };
		01EE95CC214F758F00BB1706 /* KSDLoginController.m */ = {isa = PBXFileReference; lastKnownFileType = sourcecode.c.objc; path = KSDLoginController.m; sourceTree = "<group>"; };
		01EE95CD214F758F00BB1706 /* KSDLoginController.xib */ = {isa = PBXFileReference; lastKnownFileType = file.xib; path = KSDLoginController.xib; sourceTree = "<group>"; };
		03D846E059F9FA14B7394315 /* Pods-基础项目Test.debug.xcconfig */ = {isa = PBXFileReference; includeInIndex = 1; lastKnownFileType = text.xcconfig; name = "Pods-基础项目Test.debug.xcconfig"; path = "Pods/Target Support Files/Pods-基础项目Test/Pods-基础项目Test.debug.xcconfig"; sourceTree = "<group>"; };
		55DE7F86218F879574673380 /* libPods-基础项目Test.a */ = {isa = PBXFileReference; explicitFileType = archive.ar; includeInIndex = 0; path = "libPods-基础项目Test.a"; sourceTree = BUILT_PRODUCTS_DIR; };
		74C83276A72146CD0A103F10 /* Pods-基础项目Dev.debug.xcconfig */ = {isa = PBXFileReference; includeInIndex = 1; lastKnownFileType = text.xcconfig; name = "Pods-基础项目Dev.debug.xcconfig"; path = "Pods/Target Support Files/Pods-基础项目Dev/Pods-基础项目Dev.debug.xcconfig"; sourceTree = "<group>"; };
		A1A9084B446523C4DBBAF524 /* Pods-基础项目.release.xcconfig */ = {isa = PBXFileReference; includeInIndex = 1; lastKnownFileType = text.xcconfig; name = "Pods-基础项目.release.xcconfig"; path = "Pods/Target Support Files/Pods-基础项目/Pods-基础项目.release.xcconfig"; sourceTree = "<group>"; };
		CAD2B7B538298A19A32FC6BC /* Pods-基础项目Test.release.xcconfig */ = {isa = PBXFileReference; includeInIndex = 1; lastKnownFileType = text.xcconfig; name = "Pods-基础项目Test.release.xcconfig"; path = "Pods/Target Support Files/Pods-基础项目Test/Pods-基础项目Test.release.xcconfig"; sourceTree = "<group>"; };
		D1E7FD7CF204DDB011D195E8 /* Pods-基础项目.debug.xcconfig */ = {isa = PBXFileReference; includeInIndex = 1; lastKnownFileType = text.xcconfig; name = "Pods-基础项目.debug.xcconfig"; path = "Pods/Target Support Files/Pods-基础项目/Pods-基础项目.debug.xcconfig"; sourceTree = "<group>"; };
		D7E9B623CB52F65356A129CB /* libPods-基础项目Dev.a */ = {isa = PBXFileReference; explicitFileType = archive.ar; includeInIndex = 0; path = "libPods-基础项目Dev.a"; sourceTree = BUILT_PRODUCTS_DIR; };
		E7591F79CE8B7390119006F8 /* libPods-基础项目.a */ = {isa = PBXFileReference; explicitFileType = archive.ar; includeInIndex = 0; path = "libPods-基础项目.a"; sourceTree = BUILT_PRODUCTS_DIR; };
		FA9A35734E431FBD17DA6489 /* Pods-基础项目Dev.release.xcconfig */ = {isa = PBXFileReference; includeInIndex = 1; lastKnownFileType = text.xcconfig; name = "Pods-基础项目Dev.release.xcconfig"; path = "Pods/Target Support Files/Pods-基础项目Dev/Pods-基础项目Dev.release.xcconfig"; sourceTree = "<group>"; };
/* End PBXFileReference section */

/* Begin PBXFrameworksBuildPhase section */
		01EE950C214B91B900BB1706 /* Frameworks */ = {
			isa = PBXFrameworksBuildPhase;
			buildActionMask = 2147483647;
			files = (
				AF1AE310B5248A3AFCC58792 /* libPods-基础项目Dev.a in Frameworks */,
			);
			runOnlyForDeploymentPostprocessing = 0;
		};
		01EE95A0214B998000BB1706 /* Frameworks */ = {
			isa = PBXFrameworksBuildPhase;
			buildActionMask = 2147483647;
			files = (
				6FCD9CA6B532F57A6775942A /* libPods-基础项目Test.a in Frameworks */,
			);
			runOnlyForDeploymentPostprocessing = 0;
		};
		01EE95B3214B999700BB1706 /* Frameworks */ = {
			isa = PBXFrameworksBuildPhase;
			buildActionMask = 2147483647;
			files = (
				2B5B11761A17231FC08F83C6 /* libPods-基础项目.a in Frameworks */,
			);
			runOnlyForDeploymentPostprocessing = 0;
		};
/* End PBXFrameworksBuildPhase section */

/* Begin PBXGroup section */
		01EE9506214B91B900BB1706 = {
			isa = PBXGroup;
			children = (
				01EE9511214B91B900BB1706 /* BaseProject */,
				01EE9510214B91B900BB1706 /* Products */,
				5A0E5864D0789AB4DC1DEEA9 /* Pods */,
				37C16E044B01762FC699D4D3 /* Frameworks */,
			);
			sourceTree = "<group>";
		};
		01EE9510214B91B900BB1706 /* Products */ = {
			isa = PBXGroup;
			children = (
				01EE950F214B91B900BB1706 /* 基础项目Dev.app */,
				01EE95A7214B998000BB1706 /* 基础项目Test.app */,
				01EE95BA214B999700BB1706 /* 基础项目.app */,
			);
			name = Products;
			sourceTree = "<group>";
		};
		01EE9511214B91B900BB1706 /* BaseProject */ = {
			isa = PBXGroup;
			children = (
				01EE9530214B950200BB1706 /* AppDelegate */,
				01EE9528214B950200BB1706 /* Modules */,
				01EE9533214B950200BB1706 /* Base */,
				01EE954B214B950200BB1706 /* Untils */,
				01EE953B214B950200BB1706 /* Define */,
				01EE953A214B950200BB1706 /* Resource */,
				01EE9543214B950200BB1706 /* Supporting Files */,
			);
			path = BaseProject;
			sourceTree = "<group>";
		};
		01EE9528214B950200BB1706 /* Modules */ = {
			isa = PBXGroup;
			children = (
				01EE9529214B950200BB1706 /* MySelf */,
				01EE952C214B950200BB1706 /* Main */,
				01EE952F214B950200BB1706 /* Login */,
			);
			path = Modules;
			sourceTree = "<group>";
		};
		01EE9529214B950200BB1706 /* MySelf */ = {
			isa = PBXGroup;
			children = (
				01EE952B214B950200BB1706 /* KSDMySelfController.h */,
				01EE952A214B950200BB1706 /* KSDMySelfController.m */,
			);
			path = MySelf;
			sourceTree = "<group>";
		};
		01EE952C214B950200BB1706 /* Main */ = {
			isa = PBXGroup;
			children = (
				01EE952D214B950200BB1706 /* KSDMainController.h */,
				01EE952E214B950200BB1706 /* KSDMainController.m */,
				0186A1C2214F95F300F0BD76 /* KSDSecondController.h */,
				0186A1C3214F95F300F0BD76 /* KSDSecondController.m */,
			);
			path = Main;
			sourceTree = "<group>";
		};
		01EE952F214B950200BB1706 /* Login */ = {
			isa = PBXGroup;
			children = (
				01EE95CB214F758F00BB1706 /* KSDLoginController.h */,
				01EE95CC214F758F00BB1706 /* KSDLoginController.m */,
				01EE95CD214F758F00BB1706 /* KSDLoginController.xib */,
			);
			path = Login;
			sourceTree = "<group>";
		};
		01EE9530214B950200BB1706 /* AppDelegate */ = {
			isa = PBXGroup;
			children = (
				01EE9531214B950200BB1706 /* AppDelegate.h */,
				01EE9532214B950200BB1706 /* AppDelegate.m */,
				01EE95BC214B9E6300BB1706 /* AppDelegate+AppService.h */,
				01EE95BD214B9E6300BB1706 /* AppDelegate+AppService.m */,
				01EE95C1214B9EB600BB1706 /* AppDelegate+ViewController.h */,
				01EE95C2214B9EB600BB1706 /* AppDelegate+ViewController.m */,
			);
			path = AppDelegate;
			sourceTree = "<group>";
		};
		01EE9533214B950200BB1706 /* Base */ = {
			isa = PBXGroup;
			children = (
				01EE9534214B950200BB1706 /* KSDBaseController.h */,
				01EE9537214B950200BB1706 /* KSDBaseController.m */,
				01EE9539214B950200BB1706 /* KSDNavigationController.h */,
				01EE9535214B950200BB1706 /* KSDNavigationController.m */,
				01EE9538214B950200BB1706 /* KSDTabBarController.h */,
				01EE9536214B950200BB1706 /* KSDTabBarController.m */,
			);
			path = Base;
			sourceTree = "<group>";
		};
		01EE953A214B950200BB1706 /* Resource */ = {
			isa = PBXGroup;
			children = (
			);
			path = Resource;
			sourceTree = "<group>";
		};
		01EE953B214B950200BB1706 /* Define */ = {
			isa = PBXGroup;
			children = (
				01EE9540214B950200BB1706 /* KSDConfig.h */,
				01EE9542214B950200BB1706 /* KSDDelegate.h */,
				01EE953D214B950200BB1706 /* KSDFont.h */,
				01EE953E214B950200BB1706 /* KSDColors.h */,
				01EE953C214B950200BB1706 /* KSDRules.h */,
				01EE953F214B950200BB1706 /* KSDApi.h */,
				01EE9541214B950200BB1706 /* KSDThirdPort.h */,
			);
			path = Define;
			sourceTree = "<group>";
		};
		01EE9543214B950200BB1706 /* Supporting Files */ = {
			isa = PBXGroup;
			children = (
				01EE9545214B950200BB1706 /* Assets.xcassets */,
				01EE9546214B950200BB1706 /* LaunchScreen.storyboard */,
				01EE9548214B950200BB1706 /* KSDPrefix.pch */,
				01EE9549214B950200BB1706 /* main.m */,
				01EE954A214B950200BB1706 /* Info-Dev.plist */,
				01EE95C6214BA97F00BB1706 /* Info-Tes.plist */,
				01EE955A214B96B600BB1706 /* Info.plist */,
			);
			path = "Supporting Files";
			sourceTree = "<group>";
		};
		01EE954B214B950200BB1706 /* Untils */ = {
			isa = PBXGroup;
			children = (
				01EE954D214B950200BB1706 /* KSDHTTPRequest.h */,
				01EE954C214B950200BB1706 /* KSDHTTPRequest.m */,
				01B6574A216DD7DB000992CC /* KSDBuglyManager.h */,
				01B6574B216DD7DB000992CC /* KSDBuglyManager.m */,
			);
			path = Untils;
			sourceTree = "<group>";
		};
		37C16E044B01762FC699D4D3 /* Frameworks */ = {
			isa = PBXGroup;
			children = (
				E7591F79CE8B7390119006F8 /* libPods-基础项目.a */,
				D7E9B623CB52F65356A129CB /* libPods-基础项目Dev.a */,
				55DE7F86218F879574673380 /* libPods-基础项目Test.a */,
			);
			name = Frameworks;
			sourceTree = "<group>";
		};
		5A0E5864D0789AB4DC1DEEA9 /* Pods */ = {
			isa = PBXGroup;
			children = (
				D1E7FD7CF204DDB011D195E8 /* Pods-基础项目.debug.xcconfig */,
				A1A9084B446523C4DBBAF524 /* Pods-基础项目.release.xcconfig */,
				74C83276A72146CD0A103F10 /* Pods-基础项目Dev.debug.xcconfig */,
				FA9A35734E431FBD17DA6489 /* Pods-基础项目Dev.release.xcconfig */,
				03D846E059F9FA14B7394315 /* Pods-基础项目Test.debug.xcconfig */,
				CAD2B7B538298A19A32FC6BC /* Pods-基础项目Test.release.xcconfig */,
			);
			name = Pods;
			sourceTree = "<group>";
		};
/* End PBXGroup section */

/* Begin PBXNativeTarget section */
		01EE950E214B91B900BB1706 /* 基础项目Dev */ = {
			isa = PBXNativeTarget;
			buildConfigurationList = 01EE9525214B91BB00BB1706 /* Build configuration list for PBXNativeTarget "基础项目Dev" */;
			buildPhases = (
				1FB14CB721794E5288EBAE3F /* [CP] Check Pods Manifest.lock */,
				01EE950B214B91B900BB1706 /* Sources */,
				01EE950C214B91B900BB1706 /* Frameworks */,
				01EE950D214B91B900BB1706 /* Resources */,
				DA1DC4A228F1DE88CE16EFC5 /* [CP] Embed Pods Frameworks */,
				96B658DB0815A7DAC8D8722F /* [CP] Copy Pods Resources */,
			);
			buildRules = (
			);
			dependencies = (
			);
			name = "基础项目Dev";
			productName = BaseProject;
			productReference = 01EE950F214B91B900BB1706 /* 基础项目Dev.app */;
			productType = "com.apple.product-type.application";
		};
		01EE9596214B998000BB1706 /* 基础项目Test */ = {
			isa = PBXNativeTarget;
			buildConfigurationList = 01EE95A4214B998000BB1706 /* Build configuration list for PBXNativeTarget "基础项目Test" */;
			buildPhases = (
				925D5B2F0453C2503F94ABBB /* [CP] Check Pods Manifest.lock */,
				01EE9597214B998000BB1706 /* Sources */,
				01EE95A0214B998000BB1706 /* Frameworks */,
				01EE95A1214B998000BB1706 /* Resources */,
				C9B6EDCFF85C62FE8988A756 /* [CP] Embed Pods Frameworks */,
				766FB13472426DC0F0AC481A /* [CP] Copy Pods Resources */,
			);
			buildRules = (
			);
			dependencies = (
			);
			name = "基础项目Test";
			productName = BaseProject;
			productReference = 01EE95A7214B998000BB1706 /* 基础项目Test.app */;
			productType = "com.apple.product-type.application";
		};
		01EE95A9214B999700BB1706 /* 基础项目 */ = {
			isa = PBXNativeTarget;
			buildConfigurationList = 01EE95B7214B999700BB1706 /* Build configuration list for PBXNativeTarget "基础项目" */;
			buildPhases = (
				04633BC7853F83DA0F1EB038 /* [CP] Check Pods Manifest.lock */,
				01EE95AA214B999700BB1706 /* Sources */,
				01EE95B3214B999700BB1706 /* Frameworks */,
				01EE95B4214B999700BB1706 /* Resources */,
				37B70277DB293AD4B77F83D3 /* [CP] Embed Pods Frameworks */,
				6DE41056762D46A392E82A78 /* [CP] Copy Pods Resources */,
			);
			buildRules = (
			);
			dependencies = (
			);
			name = "基础项目";
			productName = BaseProject;
			productReference = 01EE95BA214B999700BB1706 /* 基础项目.app */;
			productType = "com.apple.product-type.application";
		};
/* End PBXNativeTarget section */

/* Begin PBXProject section */
		01EE9507214B91B900BB1706 /* Project object */ = {
			isa = PBXProject;
			attributes = {
				CLASSPREFIX = KSD;
				LastUpgradeCheck = 1000;
				ORGANIZATIONNAME = "王笛";
				TargetAttributes = {
					01EE950E214B91B900BB1706 = {
						CreatedOnToolsVersion = 10.0;
					};
				};
			};
			buildConfigurationList = 01EE950A214B91B900BB1706 /* Build configuration list for PBXProject "BaseProject" */;
			compatibilityVersion = "Xcode 9.3";
			developmentRegion = en;
			hasScannedForEncodings = 0;
			knownRegions = (
				en,
				Base,
			);
			mainGroup = 01EE9506214B91B900BB1706;
			productRefGroup = 01EE9510214B91B900BB1706 /* Products */;
			projectDirPath = "";
			projectRoot = "";
			targets = (
				01EE950E214B91B900BB1706 /* 基础项目Dev */,
				01EE9596214B998000BB1706 /* 基础项目Test */,
				01EE95A9214B999700BB1706 /* 基础项目 */,
			);
		};
/* End PBXProject section */

/* Begin PBXResourcesBuildPhase section */
		01EE950D214B91B900BB1706 /* Resources */ = {
			isa = PBXResourcesBuildPhase;
			buildActionMask = 2147483647;
			files = (
				01EE9556214B950200BB1706 /* LaunchScreen.storyboard in Resources */,
				01EE95C7214BA97F00BB1706 /* Info-Tes.plist in Resources */,
				01EE95D1214F759000BB1706 /* KSDLoginController.xib in Resources */,
				01EE9555214B950200BB1706 /* Assets.xcassets in Resources */,
			);
			runOnlyForDeploymentPostprocessing = 0;
		};
		01EE95A1214B998000BB1706 /* Resources */ = {
			isa = PBXResourcesBuildPhase;
			buildActionMask = 2147483647;
			files = (
				01EE95A2214B998000BB1706 /* LaunchScreen.storyboard in Resources */,
				01EE95C8214BA97F00BB1706 /* Info-Tes.plist in Resources */,
				01EE95D2214F759000BB1706 /* KSDLoginController.xib in Resources */,
				01EE95A3214B998000BB1706 /* Assets.xcassets in Resources */,
			);
			runOnlyForDeploymentPostprocessing = 0;
		};
		01EE95B4214B999700BB1706 /* Resources */ = {
			isa = PBXResourcesBuildPhase;
			buildActionMask = 2147483647;
			files = (
				01EE95B5214B999700BB1706 /* LaunchScreen.storyboard in Resources */,
				01EE95C9214BA97F00BB1706 /* Info-Tes.plist in Resources */,
				01EE95D3214F759000BB1706 /* KSDLoginController.xib in Resources */,
				01EE95B6214B999700BB1706 /* Assets.xcassets in Resources */,
			);
			runOnlyForDeploymentPostprocessing = 0;
		};
/* End PBXResourcesBuildPhase section */

/* Begin PBXShellScriptBuildPhase section */
		04633BC7853F83DA0F1EB038 /* [CP] Check Pods Manifest.lock */ = {
			isa = PBXShellScriptBuildPhase;
			buildActionMask = 2147483647;
			files = (
			);
			inputPaths = (
				"${PODS_PODFILE_DIR_PATH}/Podfile.lock",
				"${PODS_ROOT}/Manifest.lock",
			);
			name = "[CP] Check Pods Manifest.lock";
			outputPaths = (
				"$(DERIVED_FILE_DIR)/Pods-基础项目-checkManifestLockResult.txt",
			);
			runOnlyForDeploymentPostprocessing = 0;
			shellPath = /bin/sh;
			shellScript = "diff \"${PODS_PODFILE_DIR_PATH}/Podfile.lock\" \"${PODS_ROOT}/Manifest.lock\" > /dev/null\nif [ $? != 0 ] ; then\n    # print error to STDERR\n    echo \"error: The sandbox is not in sync with the Podfile.lock. Run 'pod install' or update your CocoaPods installation.\" >&2\n    exit 1\nfi\n# This output is used by Xcode 'outputs' to avoid re-running this script phase.\necho \"SUCCESS\" > \"${SCRIPT_OUTPUT_FILE_0}\"\n";
			showEnvVarsInLog = 0;
		};
		1FB14CB721794E5288EBAE3F /* [CP] Check Pods Manifest.lock */ = {
			isa = PBXShellScriptBuildPhase;
			buildActionMask = 2147483647;
			files = (
			);
			inputPaths = (
				"${PODS_PODFILE_DIR_PATH}/Podfile.lock",
				"${PODS_ROOT}/Manifest.lock",
			);
			name = "[CP] Check Pods Manifest.lock";
			outputPaths = (
				"$(DERIVED_FILE_DIR)/Pods-基础项目Dev-checkManifestLockResult.txt",
			);
			runOnlyForDeploymentPostprocessing = 0;
			shellPath = /bin/sh;
			shellScript = "diff \"${PODS_PODFILE_DIR_PATH}/Podfile.lock\" \"${PODS_ROOT}/Manifest.lock\" > /dev/null\nif [ $? != 0 ] ; then\n    # print error to STDERR\n    echo \"error: The sandbox is not in sync with the Podfile.lock. Run 'pod install' or update your CocoaPods installation.\" >&2\n    exit 1\nfi\n# This output is used by Xcode 'outputs' to avoid re-running this script phase.\necho \"SUCCESS\" > \"${SCRIPT_OUTPUT_FILE_0}\"\n";
			showEnvVarsInLog = 0;
		};
		37B70277DB293AD4B77F83D3 /* [CP] Embed Pods Frameworks */ = {
			isa = PBXShellScriptBuildPhase;
			buildActionMask = 2147483647;
			files = (
			);
			inputPaths = (
			);
			name = "[CP] Embed Pods Frameworks";
			outputPaths = (
			);
			runOnlyForDeploymentPostprocessing = 0;
			shellPath = /bin/sh;
			shellScript = "\"${SRCROOT}/Pods/Target Support Files/Pods-基础项目/Pods-基础项目-frameworks.sh\"\n";
			showEnvVarsInLog = 0;
		};
		6DE41056762D46A392E82A78 /* [CP] Copy Pods Resources */ = {
			isa = PBXShellScriptBuildPhase;
			buildActionMask = 2147483647;
			files = (
			);
			inputPaths = (
				"${SRCROOT}/Pods/Target Support Files/Pods-基础项目/Pods-基础项目-resources.sh",
				"${PODS_ROOT}/IQKeyboardManager/IQKeyboardManager/Resources/IQKeyboardManager.bundle",
				"${PODS_ROOT}/MJRefresh/MJRefresh/MJRefresh.bundle",
			);
			name = "[CP] Copy Pods Resources";
			outputPaths = (
				"${TARGET_BUILD_DIR}/${UNLOCALIZED_RESOURCES_FOLDER_PATH}/IQKeyboardManager.bundle",
				"${TARGET_BUILD_DIR}/${UNLOCALIZED_RESOURCES_FOLDER_PATH}/MJRefresh.bundle",
			);
			runOnlyForDeploymentPostprocessing = 0;
			shellPath = /bin/sh;
			shellScript = "\"${SRCROOT}/Pods/Target Support Files/Pods-基础项目/Pods-基础项目-resources.sh\"\n";
			showEnvVarsInLog = 0;
		};
		766FB13472426DC0F0AC481A /* [CP] Copy Pods Resources */ = {
			isa = PBXShellScriptBuildPhase;
			buildActionMask = 2147483647;
			files = (
			);
			inputPaths = (
				"${SRCROOT}/Pods/Target Support Files/Pods-基础项目Test/Pods-基础项目Test-resources.sh",
				"${PODS_ROOT}/IQKeyboardManager/IQKeyboardManager/Resources/IQKeyboardManager.bundle",
				"${PODS_ROOT}/MJRefresh/MJRefresh/MJRefresh.bundle",
			);
			name = "[CP] Copy Pods Resources";
			outputPaths = (
				"${TARGET_BUILD_DIR}/${UNLOCALIZED_RESOURCES_FOLDER_PATH}/IQKeyboardManager.bundle",
				"${TARGET_BUILD_DIR}/${UNLOCALIZED_RESOURCES_FOLDER_PATH}/MJRefresh.bundle",
			);
			runOnlyForDeploymentPostprocessing = 0;
			shellPath = /bin/sh;
			shellScript = "\"${SRCROOT}/Pods/Target Support Files/Pods-基础项目Test/Pods-基础项目Test-resources.sh\"\n";
			showEnvVarsInLog = 0;
		};
		925D5B2F0453C2503F94ABBB /* [CP] Check Pods Manifest.lock */ = {
			isa = PBXShellScriptBuildPhase;
			buildActionMask = 2147483647;
			files = (
			);
			inputPaths = (
				"${PODS_PODFILE_DIR_PATH}/Podfile.lock",
				"${PODS_ROOT}/Manifest.lock",
			);
			name = "[CP] Check Pods Manifest.lock";
			outputPaths = (
				"$(DERIVED_FILE_DIR)/Pods-基础项目Test-checkManifestLockResult.txt",
			);
			runOnlyForDeploymentPostprocessing = 0;
			shellPath = /bin/sh;
			shellScript = "diff \"${PODS_PODFILE_DIR_PATH}/Podfile.lock\" \"${PODS_ROOT}/Manifest.lock\" > /dev/null\nif [ $? != 0 ] ; then\n    # print error to STDERR\n    echo \"error: The sandbox is not in sync with the Podfile.lock. Run 'pod install' or update your CocoaPods installation.\" >&2\n    exit 1\nfi\n# This output is used by Xcode 'outputs' to avoid re-running this script phase.\necho \"SUCCESS\" > \"${SCRIPT_OUTPUT_FILE_0}\"\n";
			showEnvVarsInLog = 0;
		};
		96B658DB0815A7DAC8D8722F /* [CP] Copy Pods Resources */ = {
			isa = PBXShellScriptBuildPhase;
			buildActionMask = 2147483647;
			files = (
			);
			inputPaths = (
				"${SRCROOT}/Pods/Target Support Files/Pods-基础项目Dev/Pods-基础项目Dev-resources.sh",
				"${PODS_ROOT}/IQKeyboardManager/IQKeyboardManager/Resources/IQKeyboardManager.bundle",
				"${PODS_ROOT}/MJRefresh/MJRefresh/MJRefresh.bundle",
			);
			name = "[CP] Copy Pods Resources";
			outputPaths = (
				"${TARGET_BUILD_DIR}/${UNLOCALIZED_RESOURCES_FOLDER_PATH}/IQKeyboardManager.bundle",
				"${TARGET_BUILD_DIR}/${UNLOCALIZED_RESOURCES_FOLDER_PATH}/MJRefresh.bundle",
			);
			runOnlyForDeploymentPostprocessing = 0;
			shellPath = /bin/sh;
			shellScript = "\"${SRCROOT}/Pods/Target Support Files/Pods-基础项目Dev/Pods-基础项目Dev-resources.sh\"\n";
			showEnvVarsInLog = 0;
		};
		C9B6EDCFF85C62FE8988A756 /* [CP] Embed Pods Frameworks */ = {
			isa = PBXShellScriptBuildPhase;
			buildActionMask = 2147483647;
			files = (
			);
			inputPaths = (
			);
			name = "[CP] Embed Pods Frameworks";
			outputPaths = (
			);
			runOnlyForDeploymentPostprocessing = 0;
			shellPath = /bin/sh;
			shellScript = "\"${SRCROOT}/Pods/Target Support Files/Pods-基础项目Test/Pods-基础项目Test-frameworks.sh\"\n";
			showEnvVarsInLog = 0;
		};
		DA1DC4A228F1DE88CE16EFC5 /* [CP] Embed Pods Frameworks */ = {
			isa = PBXShellScriptBuildPhase;
			buildActionMask = 2147483647;
			files = (
			);
			inputPaths = (
			);
			name = "[CP] Embed Pods Frameworks";
			outputPaths = (
			);
			runOnlyForDeploymentPostprocessing = 0;
			shellPath = /bin/sh;
			shellScript = "\"${SRCROOT}/Pods/Target Support Files/Pods-基础项目Dev/Pods-基础项目Dev-frameworks.sh\"\n";
			showEnvVarsInLog = 0;
		};
/* End PBXShellScriptBuildPhase section */

/* Begin PBXSourcesBuildPhase section */
		01EE950B214B91B900BB1706 /* Sources */ = {
			isa = PBXSourcesBuildPhase;
			buildActionMask = 2147483647;
			files = (
				01EE954E214B950200BB1706 /* KSDMySelfController.m in Sources */,
				01EE954F214B950200BB1706 /* KSDMainController.m in Sources */,
				01EE9551214B950200BB1706 /* KSDNavigationController.m in Sources */,
				01B6574C216DD7DB000992CC /* KSDBuglyManager.m in Sources */,
				01EE95BE214B9E6300BB1706 /* AppDelegate+AppService.m in Sources */,
				01EE9553214B950200BB1706 /* KSDBaseController.m in Sources */,
				01EE95C3214B9EB600BB1706 /* AppDelegate+ViewController.m in Sources */,
				01EE9550214B950200BB1706 /* AppDelegate.m in Sources */,
				01EE9557214B950200BB1706 /* main.m in Sources */,
				01EE9559214B950200BB1706 /* KSDHTTPRequest.m in Sources */,
				01EE95CE214F758F00BB1706 /* KSDLoginController.m in Sources */,
				0186A1C4214F95F300F0BD76 /* KSDSecondController.m in Sources */,
				01EE9552214B950200BB1706 /* KSDTabBarController.m in Sources */,
			);
			runOnlyForDeploymentPostprocessing = 0;
		};
		01EE9597214B998000BB1706 /* Sources */ = {
			isa = PBXSourcesBuildPhase;
			buildActionMask = 2147483647;
			files = (
				01EE9598214B998000BB1706 /* KSDMySelfController.m in Sources */,
				01EE9599214B998000BB1706 /* KSDMainController.m in Sources */,
				01EE959A214B998000BB1706 /* KSDNavigationController.m in Sources */,
				01B6574D216DD7DB000992CC /* KSDBuglyManager.m in Sources */,
				01EE95BF214B9E6300BB1706 /* AppDelegate+AppService.m in Sources */,
				01EE959B214B998000BB1706 /* KSDBaseController.m in Sources */,
				01EE95C4214B9EB600BB1706 /* AppDelegate+ViewController.m in Sources */,
				01EE959C214B998000BB1706 /* AppDelegate.m in Sources */,
				01EE959D214B998000BB1706 /* main.m in Sources */,
				01EE959E214B998000BB1706 /* KSDHTTPRequest.m in Sources */,
				01EE95CF214F758F00BB1706 /* KSDLoginController.m in Sources */,
				01B65748216D9AC6000992CC /* KSDSecondController.m in Sources */,
				01EE959F214B998000BB1706 /* KSDTabBarController.m in Sources */,
			);
			runOnlyForDeploymentPostprocessing = 0;
		};
		01EE95AA214B999700BB1706 /* Sources */ = {
			isa = PBXSourcesBuildPhase;
			buildActionMask = 2147483647;
			files = (
				01EE95AB214B999700BB1706 /* KSDMySelfController.m in Sources */,
				01EE95AC214B999700BB1706 /* KSDMainController.m in Sources */,
				01EE95AD214B999700BB1706 /* KSDNavigationController.m in Sources */,
				01B6574E216DD7DB000992CC /* KSDBuglyManager.m in Sources */,
				01EE95C0214B9E6300BB1706 /* AppDelegate+AppService.m in Sources */,
				01EE95AE214B999700BB1706 /* KSDBaseController.m in Sources */,
				01EE95C5214B9EB600BB1706 /* AppDelegate+ViewController.m in Sources */,
				01EE95AF214B999700BB1706 /* AppDelegate.m in Sources */,
				01EE95B0214B999700BB1706 /* main.m in Sources */,
				01EE95B1214B999700BB1706 /* KSDHTTPRequest.m in Sources */,
				01EE95D0214F759000BB1706 /* KSDLoginController.m in Sources */,
				01B65749216D9AC6000992CC /* KSDSecondController.m in Sources */,
				01EE95B2214B999700BB1706 /* KSDTabBarController.m in Sources */,
			);
			runOnlyForDeploymentPostprocessing = 0;
		};
/* End PBXSourcesBuildPhase section */

/* Begin PBXVariantGroup section */
		01EE9546214B950200BB1706 /* LaunchScreen.storyboard */ = {
			isa = PBXVariantGroup;
			children = (
				01EE9547214B950200BB1706 /* Base */,
			);
			name = LaunchScreen.storyboard;
			sourceTree = "<group>";
		};
/* End PBXVariantGroup section */

/* Begin XCBuildConfiguration section */
		01EE9523214B91BB00BB1706 /* Debug */ = {
			isa = XCBuildConfiguration;
			buildSettings = {
				ALWAYS_SEARCH_USER_PATHS = NO;
				CLANG_ANALYZER_NONNULL = YES;
				CLANG_ANALYZER_NUMBER_OBJECT_CONVERSION = YES_AGGRESSIVE;
				CLANG_CXX_LANGUAGE_STANDARD = "gnu++14";
				CLANG_CXX_LIBRARY = "libc++";
				CLANG_ENABLE_MODULES = YES;
				CLANG_ENABLE_OBJC_ARC = YES;
				CLANG_ENABLE_OBJC_WEAK = YES;
				CLANG_WARN_BLOCK_CAPTURE_AUTORELEASING = YES;
				CLANG_WARN_BOOL_CONVERSION = YES;
				CLANG_WARN_COMMA = YES;
				CLANG_WARN_CONSTANT_CONVERSION = YES;
				CLANG_WARN_DEPRECATED_OBJC_IMPLEMENTATIONS = YES;
				CLANG_WARN_DIRECT_OBJC_ISA_USAGE = YES_ERROR;
				CLANG_WARN_DOCUMENTATION_COMMENTS = YES;
				CLANG_WARN_EMPTY_BODY = YES;
				CLANG_WARN_ENUM_CONVERSION = YES;
				CLANG_WARN_INFINITE_RECURSION = YES;
				CLANG_WARN_INT_CONVERSION = YES;
				CLANG_WARN_NON_LITERAL_NULL_CONVERSION = YES;
				CLANG_WARN_OBJC_IMPLICIT_RETAIN_SELF = YES;
				CLANG_WARN_OBJC_LITERAL_CONVERSION = YES;
				CLANG_WARN_OBJC_ROOT_CLASS = YES_ERROR;
				CLANG_WARN_RANGE_LOOP_ANALYSIS = YES;
				CLANG_WARN_STRICT_PROTOTYPES = YES;
				CLANG_WARN_SUSPICIOUS_MOVE = YES;
				CLANG_WARN_UNGUARDED_AVAILABILITY = YES_AGGRESSIVE;
				CLANG_WARN_UNREACHABLE_CODE = YES;
				CLANG_WARN__DUPLICATE_METHOD_MATCH = YES;
				CODE_SIGN_IDENTITY = "iPhone Developer";
				COPY_PHASE_STRIP = NO;
				DEBUG_INFORMATION_FORMAT = dwarf;
				ENABLE_STRICT_OBJC_MSGSEND = YES;
				ENABLE_TESTABILITY = YES;
				GCC_C_LANGUAGE_STANDARD = gnu11;
				GCC_DYNAMIC_NO_PIC = NO;
				GCC_NO_COMMON_BLOCKS = YES;
				GCC_OPTIMIZATION_LEVEL = 0;
				GCC_PREPROCESSOR_DEFINITIONS = (
					"DEBUG=1",
					"$(inherited)",
				);
				GCC_WARN_64_TO_32_BIT_CONVERSION = YES;
				GCC_WARN_ABOUT_RETURN_TYPE = YES_ERROR;
				GCC_WARN_UNDECLARED_SELECTOR = YES;
				GCC_WARN_UNINITIALIZED_AUTOS = YES_AGGRESSIVE;
				GCC_WARN_UNUSED_FUNCTION = YES;
				GCC_WARN_UNUSED_VARIABLE = YES;
				IPHONEOS_DEPLOYMENT_TARGET = 12.0;
				MTL_ENABLE_DEBUG_INFO = INCLUDE_SOURCE;
				MTL_FAST_MATH = YES;
				ONLY_ACTIVE_ARCH = YES;
				SDKROOT = iphoneos;
			};
			name = Debug;
		};
		01EE9524214B91BB00BB1706 /* Release */ = {
			isa = XCBuildConfiguration;
			buildSettings = {
				ALWAYS_SEARCH_USER_PATHS = NO;
				CLANG_ANALYZER_NONNULL = YES;
				CLANG_ANALYZER_NUMBER_OBJECT_CONVERSION = YES_AGGRESSIVE;
				CLANG_CXX_LANGUAGE_STANDARD = "gnu++14";
				CLANG_CXX_LIBRARY = "libc++";
				CLANG_ENABLE_MODULES = YES;
				CLANG_ENABLE_OBJC_ARC = YES;
				CLANG_ENABLE_OBJC_WEAK = YES;
				CLANG_WARN_BLOCK_CAPTURE_AUTORELEASING = YES;
				CLANG_WARN_BOOL_CONVERSION = YES;
				CLANG_WARN_COMMA = YES;
				CLANG_WARN_CONSTANT_CONVERSION = YES;
				CLANG_WARN_DEPRECATED_OBJC_IMPLEMENTATIONS = YES;
				CLANG_WARN_DIRECT_OBJC_ISA_USAGE = YES_ERROR;
				CLANG_WARN_DOCUMENTATION_COMMENTS = YES;
				CLANG_WARN_EMPTY_BODY = YES;
				CLANG_WARN_ENUM_CONVERSION = YES;
				CLANG_WARN_INFINITE_RECURSION = YES;
				CLANG_WARN_INT_CONVERSION = YES;
				CLANG_WARN_NON_LITERAL_NULL_CONVERSION = YES;
				CLANG_WARN_OBJC_IMPLICIT_RETAIN_SELF = YES;
				CLANG_WARN_OBJC_LITERAL_CONVERSION = YES;
				CLANG_WARN_OBJC_ROOT_CLASS = YES_ERROR;
				CLANG_WARN_RANGE_LOOP_ANALYSIS = YES;
				CLANG_WARN_STRICT_PROTOTYPES = YES;
				CLANG_WARN_SUSPICIOUS_MOVE = YES;
				CLANG_WARN_UNGUARDED_AVAILABILITY = YES_AGGRESSIVE;
				CLANG_WARN_UNREACHABLE_CODE = YES;
				CLANG_WARN__DUPLICATE_METHOD_MATCH = YES;
				CODE_SIGN_IDENTITY = "iPhone Developer";
				COPY_PHASE_STRIP = NO;
				DEBUG_INFORMATION_FORMAT = "dwarf-with-dsym";
				ENABLE_NS_ASSERTIONS = NO;
				ENABLE_STRICT_OBJC_MSGSEND = YES;
				GCC_C_LANGUAGE_STANDARD = gnu11;
				GCC_NO_COMMON_BLOCKS = YES;
				GCC_WARN_64_TO_32_BIT_CONVERSION = YES;
				GCC_WARN_ABOUT_RETURN_TYPE = YES_ERROR;
				GCC_WARN_UNDECLARED_SELECTOR = YES;
				GCC_WARN_UNINITIALIZED_AUTOS = YES_AGGRESSIVE;
				GCC_WARN_UNUSED_FUNCTION = YES;
				GCC_WARN_UNUSED_VARIABLE = YES;
				IPHONEOS_DEPLOYMENT_TARGET = 12.0;
				MTL_ENABLE_DEBUG_INFO = NO;
				MTL_FAST_MATH = YES;
				SDKROOT = iphoneos;
				VALIDATE_PRODUCT = YES;
			};
			name = Release;
		};
		01EE9526214B91BB00BB1706 /* Debug */ = {
			isa = XCBuildConfiguration;
			baseConfigurationReference = 74C83276A72146CD0A103F10 /* Pods-基础项目Dev.debug.xcconfig */;
			buildSettings = {
				ASSETCATALOG_COMPILER_APPICON_NAME = AppIcon;
				CODE_SIGN_STYLE = Automatic;
				DEVELOPMENT_TEAM = D8DHT5XN32;
				GCC_PREFIX_HEADER = "$(SRCROOT)/$(PROJECT_NAME)/Supporting Files/KSDPrefix.pch";
				GCC_PREPROCESSOR_DEFINITIONS = (
					"DEBUG=1",
					"$(inherited)",
					"APPTYPE=0",
				);
				INFOPLIST_FILE = "BaseProject/Supporting Files/Info-Dev.plist";
				IPHONEOS_DEPLOYMENT_TARGET = 9.0;
				LD_RUNPATH_SEARCH_PATHS = (
					"$(inherited)",
					"@executable_path/Frameworks",
				);
				PRODUCT_BUNDLE_IDENTIFIER = com.jizhicar.www.BaseProject;
				PRODUCT_NAME = "$(TARGET_NAME)";
				TARGETED_DEVICE_FAMILY = "1,2";
				USER_HEADER_SEARCH_PATHS = "";
			};
			name = Debug;
		};
		01EE9527214B91BB00BB1706 /* Release */ = {
			isa = XCBuildConfiguration;
			baseConfigurationReference = FA9A35734E431FBD17DA6489 /* Pods-基础项目Dev.release.xcconfig */;
			buildSettings = {
				ASSETCATALOG_COMPILER_APPICON_NAME = AppIcon;
				CODE_SIGN_STYLE = Automatic;
				DEVELOPMENT_TEAM = D8DHT5XN32;
				GCC_PREFIX_HEADER = "$(SRCROOT)/$(PROJECT_NAME)/Supporting Files/KSDPrefix.pch";
				GCC_PREPROCESSOR_DEFINITIONS = "APPTYPE=0";
				INFOPLIST_FILE = "BaseProject/Supporting Files/Info-Dev.plist";
				IPHONEOS_DEPLOYMENT_TARGET = 9.0;
				LD_RUNPATH_SEARCH_PATHS = (
					"$(inherited)",
					"@executable_path/Frameworks",
				);
				PRODUCT_BUNDLE_IDENTIFIER = com.jizhicar.www.BaseProject;
				PRODUCT_NAME = "$(TARGET_NAME)";
				TARGETED_DEVICE_FAMILY = "1,2";
				USER_HEADER_SEARCH_PATHS = "";
			};
			name = Release;
		};
		01EE95A5214B998000BB1706 /* Debug */ = {
			isa = XCBuildConfiguration;
			baseConfigurationReference = 03D846E059F9FA14B7394315 /* Pods-基础项目Test.debug.xcconfig */;
			buildSettings = {
				ASSETCATALOG_COMPILER_APPICON_NAME = AppIcon;
				CODE_SIGN_STYLE = Automatic;
				DEVELOPMENT_TEAM = D8DHT5XN32;
				GCC_PREFIX_HEADER = "$(SRCROOT)/$(PROJECT_NAME)/Supporting Files/KSDPrefix.pch";
				GCC_PREPROCESSOR_DEFINITIONS = (
					"DEBUG=1",
					"$(inherited)",
					"APPTYPE=1",
				);
				INFOPLIST_FILE = "BaseProject/Supporting Files/info-Tes.plist";
				IPHONEOS_DEPLOYMENT_TARGET = 9.0;
				LD_RUNPATH_SEARCH_PATHS = (
					"$(inherited)",
					"@executable_path/Frameworks",
				);
				PRODUCT_BUNDLE_IDENTIFIER = com.jizhicar.www.BaseProject;
				PRODUCT_NAME = "$(TARGET_NAME)";
				TARGETED_DEVICE_FAMILY = "1,2";
			};
			name = Debug;
		};
		01EE95A6214B998000BB1706 /* Release */ = {
			isa = XCBuildConfiguration;
			baseConfigurationReference = CAD2B7B538298A19A32FC6BC /* Pods-基础项目Test.release.xcconfig */;
			buildSettings = {
				ASSETCATALOG_COMPILER_APPICON_NAME = AppIcon;
				CODE_SIGN_STYLE = Automatic;
				DEVELOPMENT_TEAM = D8DHT5XN32;
				GCC_PREFIX_HEADER = "$(SRCROOT)/$(PROJECT_NAME)/Supporting Files/KSDPrefix.pch";
				GCC_PREPROCESSOR_DEFINITIONS = "APPTYPE=1";
				INFOPLIST_FILE = "BaseProject/Supporting Files/info-Tes.plist";
				IPHONEOS_DEPLOYMENT_TARGET = 9.0;
				LD_RUNPATH_SEARCH_PATHS = (
					"$(inherited)",
					"@executable_path/Frameworks",
				);
				PRODUCT_BUNDLE_IDENTIFIER = com.jizhicar.www.BaseProject;
				PRODUCT_NAME = "$(TARGET_NAME)";
				TARGETED_DEVICE_FAMILY = "1,2";
			};
			name = Release;
		};
		01EE95B8214B999700BB1706 /* Debug */ = {
			isa = XCBuildConfiguration;
			baseConfigurationReference = D1E7FD7CF204DDB011D195E8 /* Pods-基础项目.debug.xcconfig */;
			buildSettings = {
				ASSETCATALOG_COMPILER_APPICON_NAME = AppIcon;
				CODE_SIGN_STYLE = Automatic;
				DEVELOPMENT_TEAM = D8DHT5XN32;
				GCC_PREFIX_HEADER = "$(SRCROOT)/$(PROJECT_NAME)/Supporting Files/KSDPrefix.pch";
				GCC_PREPROCESSOR_DEFINITIONS = (
					"DEBUG=1",
					"$(inherited)",
					"APPTYPE=2",
				);
				INFOPLIST_FILE = "BaseProject/Supporting Files/Info.plist";
				IPHONEOS_DEPLOYMENT_TARGET = 9.0;
				LD_RUNPATH_SEARCH_PATHS = (
					"$(inherited)",
					"@executable_path/Frameworks",
				);
				PRODUCT_BUNDLE_IDENTIFIER = com.jizhicar.www.BaseProject;
				PRODUCT_NAME = "$(TARGET_NAME)";
				TARGETED_DEVICE_FAMILY = "1,2";
			};
			name = Debug;
		};
		01EE95B9214B999700BB1706 /* Release */ = {
			isa = XCBuildConfiguration;
			baseConfigurationReference = A1A9084B446523C4DBBAF524 /* Pods-基础项目.release.xcconfig */;
			buildSettings = {
				ASSETCATALOG_COMPILER_APPICON_NAME = AppIcon;
				CODE_SIGN_STYLE = Automatic;
				DEVELOPMENT_TEAM = D8DHT5XN32;
				GCC_PREFIX_HEADER = "$(SRCROOT)/$(PROJECT_NAME)/Supporting Files/KSDPrefix.pch";
				GCC_PREPROCESSOR_DEFINITIONS = "APPTYPE=2";
				INFOPLIST_FILE = "BaseProject/Supporting Files/Info.plist";
				IPHONEOS_DEPLOYMENT_TARGET = 9.0;
				LD_RUNPATH_SEARCH_PATHS = (
					"$(inherited)",
					"@executable_path/Frameworks",
				);
				PRODUCT_BUNDLE_IDENTIFIER = com.jizhicar.www.BaseProject;
				PRODUCT_NAME = "$(TARGET_NAME)";
				TARGETED_DEVICE_FAMILY = "1,2";
			};
			name = Release;
		};
/* End XCBuildConfiguration section */

/* Begin XCConfigurationList section */
		01EE950A214B91B900BB1706 /* Build configuration list for PBXProject "BaseProject" */ = {
			isa = XCConfigurationList;
			buildConfigurations = (
				01EE9523214B91BB00BB1706 /* Debug */,
				01EE9524214B91BB00BB1706 /* Release */,
			);
			defaultConfigurationIsVisible = 0;
			defaultConfigurationName = Release;
		};
		01EE9525214B91BB00BB1706 /* Build configuration list for PBXNativeTarget "基础项目Dev" */ = {
			isa = XCConfigurationList;
			buildConfigurations = (
				01EE9526214B91BB00BB1706 /* Debug */,
				01EE9527214B91BB00BB1706 /* Release */,
			);
			defaultConfigurationIsVisible = 0;
			defaultConfigurationName = Release;
		};
		01EE95A4214B998000BB1706 /* Build configuration list for PBXNativeTarget "基础项目Test" */ = {
			isa = XCConfigurationList;
			buildConfigurations = (
				01EE95A5214B998000BB1706 /* Debug */,
				01EE95A6214B998000BB1706 /* Release */,
			);
			defaultConfigurationIsVisible = 0;
			defaultConfigurationName = Release;
		};
		01EE95B7214B999700BB1706 /* Build configuration list for PBXNativeTarget "基础项目" */ = {
			isa = XCConfigurationList;
			buildConfigurations = (
				01EE95B8214B999700BB1706 /* Debug */,
				01EE95B9214B999700BB1706 /* Release */,
			);
			defaultConfigurationIsVisible = 0;
			defaultConfigurationName = Release;
		};
/* End XCConfigurationList section */
	};
	rootObject = 01EE9507214B91B900BB1706 /* Project object */;
}
